
Microsoft Visual Studio Solution File, Format Version 12.00
# Visual Studio Version 16
VisualStudioVersion = 16.0.31624.102
MinimumVisualStudioVersion = 10.0.40219.1
Project("{9A19103F-16F7-4668-BE54-9A1E7A4F7556}") = "MonsterTradingCardsGame", "MonsterTradingCardsGame\MonsterTradingCardsGame.csproj", "{FEFADC36-7765-4A74-AD0F-6D6C8963E771}"
EndProject
Project("{FAE04EC0-301F-11D3-BF4B-00C04F79EFBC}") = "UnitTests", "UnitTests\UnitTests.csproj", "{8F04CB86-3A46-479A-9E05-A42D32CE9609}"
EndProject
Global
	GlobalSection(SolutionConfigurationPlatforms) = preSolution
		Debug|Any CPU = Debug|Any CPU
		Release|Any CPU = Release|Any CPU
	EndGlobalSection
	GlobalSection(ProjectConfigurationPlatforms) = postSolution
		{FEFADC36-7765-4A74-AD0F-6D6C8963E771}.Debug|Any CPU.ActiveCfg = Debug|Any CPU
		{FEFADC36-7765-4A74-AD0F-6D6C8963E771}.Debug|Any CPU.Build.0 = Debug|Any CPU
		{FEFADC36-7765-4A74-AD0F-6D6C8963E771}.Release|Any CPU.ActiveCfg = Release|Any CPU
		{FEFADC36-7765-4A74-AD0F-6D6C8963E771}.Release|Any CPU.Build.0 = Release|Any CPU
		{8F04CB86-3A46-479A-9E05-A42D32CE9609}.Debug|Any CPU.ActiveCfg = Debug|Any CPU
		{8F04CB86-3A46-479A-9E05-A42D32CE9609}.Debug|Any CPU.Build.0 = Debug|Any CPU
		{8F04CB86-3A46-479A-9E05-A42D32CE9609}.Release|Any CPU.ActiveCfg = Release|Any CPU
		{8F04CB86-3A46-479A-9E05-A42D32CE9609}.Release|Any CPU.Build.0 = Release|Any CPU
	EndGlobalSection
	GlobalSection(SolutionProperties) = preSolution
		HideSolutionNode = FALSE
	EndGlobalSection
	GlobalSection(ExtensibilityGlobals) = postSolution
		SolutionGuid = {01ED5534-286B-4FC6-8908-DCD1B6FC6525}
	EndGlobalSection
EndGlobal
